
Microsoft Visual Studio Solution File, Format Version 12.00
# Visual Studio Version 16
VisualStudioVersion = 16.0.30114.105
MinimumVisualStudioVersion = 10.0.40219.1
Project("{2150E333-8FDC-42A3-9474-1A3956D46DE8}") = "Shared", "Shared", "{A1B3E671-BFB5-4E3C-852A-42245D15AAA4}"
EndProject
Project("{2150E333-8FDC-42A3-9474-1A3956D46DE8}") = "Bootstrapper", "Bootstrapper", "{98E517D0-B1FF-473F-ABC2-9ABD6AA1DB50}"
EndProject
Project("{2150E333-8FDC-42A3-9474-1A3956D46DE8}") = "Modules", "Modules", "{1E27CE56-47D9-4B0C-83B3-71A80DD151A2}"
EndProject
Project("{FAE04EC0-301F-11D3-BF4B-00C04F79EFBC}") = "SafeZone.Shared.Abstractions", "src\Shared\SafeZone.Shared.Abstractions\SafeZone.Shared.Abstractions.csproj", "{E6F7C5A1-DA33-4CA4-A8FA-2D75C05B0C1F}"
EndProject
Project("{FAE04EC0-301F-11D3-BF4B-00C04F79EFBC}") = "SafeZone.Shared.Infrastructure", "src\Shared\SafeZone.Shared.Infrastructure\SafeZone.Shared.Infrastructure.csproj", "{9351596D-B14A-46F3-8711-192E3B592CA8}"
EndProject
Project("{FAE04EC0-301F-11D3-BF4B-00C04F79EFBC}") = "SafeZone.Bootstrapper", "src\Bootstrapper\SafeZone.Bootstrapper\SafeZone.Bootstrapper.csproj", "{034F2CA2-59BD-40B4-A19B-D9FA55E38E4D}"
EndProject
Project("{2150E333-8FDC-42A3-9474-1A3956D46DE8}") = "src", "src", "{827E0CD3-B72D-47B6-A68D-7590B98EB39B}"
EndProject
Project("{2150E333-8FDC-42A3-9474-1A3956D46DE8}") = "Modules", "Modules", "{EC447DCF-ABFA-6E24-52A5-D7FD48A5C558}"
EndProject
Project("{2150E333-8FDC-42A3-9474-1A3956D46DE8}") = "Identity", "Identity", "{0EC62A1A-9858-3A60-8A0C-FC9AACFA2EC7}"
EndProject
Project("{FAE04EC0-301F-11D3-BF4B-00C04F79EFBC}") = "SafeZone.Modules.Identity.Api", "src\Modules\Identity\SafeZone.Modules.Identity.Api\SafeZone.Modules.Identity.Api.csproj", "{0CF05235-D1DC-4F91-8FA8-5EB64DB74843}"
EndProject
Project("{FAE04EC0-301F-11D3-BF4B-00C04F79EFBC}") = "SafeZone.Modules.Identity.Core", "src\Modules\Identity\SafeZone.Modules.Identity.Core\SafeZone.Modules.Identity.Core.csproj", "{B368ABD3-C671-499E-BBF0-5A853881BA94}"
EndProject
Project("{2150E333-8FDC-42A3-9474-1A3956D46DE8}") = "Incident", "Incident", "{3025D2F9-601E-A73F-5034-9ABB7768656E}"
EndProject
Project("{FAE04EC0-301F-11D3-BF4B-00C04F79EFBC}") = "SafeZone.Modules.Incident.Api", "src\Modules\Incident\SafeZone.Modules.Incident.Api\SafeZone.Modules.Incident.Api.csproj", "{92CB3CF6-9FE8-4AF9-88F4-06E495504C17}"
EndProject
Project("{FAE04EC0-301F-11D3-BF4B-00C04F79EFBC}") = "SafeZone.Modules.Incident.Core", "src\Modules\Incident\SafeZone.Modules.Incident.Core\SafeZone.Modules.Incident.Core.csproj", "{D0062442-5297-4B8C-93DF-40F2489A864C}"
EndProject
Project("{2150E333-8FDC-42A3-9474-1A3956D46DE8}") = "Dispatch", "Dispatch", "{107A7913-3BD9-3747-7E40-EFE6C784F2A6}"
EndProject
Project("{FAE04EC0-301F-11D3-BF4B-00C04F79EFBC}") = "SafeZone.Modules.Dispatch.Api", "src\Modules\Dispatch\SafeZone.Modules.Dispatch.Api\SafeZone.Modules.Dispatch.Api.csproj", "{8BBBE6CE-C58D-4FB9-A4CF-732930952FF8}"
EndProject
Project("{FAE04EC0-301F-11D3-BF4B-00C04F79EFBC}") = "SafeZone.Modules.Dispatch.Core", "src\Modules\Dispatch\SafeZone.Modules.Dispatch.Core\SafeZone.Modules.Dispatch.Core.csproj", "{B1993C53-1CC0-460C-881A-9C7BDA8ABC66}"
EndProject
Project("{2150E333-8FDC-42A3-9474-1A3956D46DE8}") = "Location", "Location", "{8CB90BF2-8AB3-B452-F282-51EFE98D5BDD}"
EndProject
Project("{FAE04EC0-301F-11D3-BF4B-00C04F79EFBC}") = "SafeZone.Modules.Location.Api", "src\Modules\Location\SafeZone.Modules.Location.Api\SafeZone.Modules.Location.Api.csproj", "{F4C05F69-D8A2-4136-84C6-57B82453D10B}"
EndProject
Project("{FAE04EC0-301F-11D3-BF4B-00C04F79EFBC}") = "SafeZone.Modules.Location.Core", "src\Modules\Location\SafeZone.Modules.Location.Core\SafeZone.Modules.Location.Core.csproj", "{F7CDC44E-1478-47BC-A0E1-8F57A6D11D70}"
EndProject
Project("{2150E333-8FDC-42A3-9474-1A3956D46DE8}") = "RealTime", "RealTime", "{EF0F585A-0B38-C4B1-0E02-F2A83540D143}"
EndProject
Project("{FAE04EC0-301F-11D3-BF4B-00C04F79EFBC}") = "SafeZone.Modules.RealTime.Api", "src\Modules\RealTime\SafeZone.Modules.RealTime.Api\SafeZone.Modules.RealTime.Api.csproj", "{28726BE6-98C0-425F-BBD0-EF43CC9B6386}"
EndProject
Project("{FAE04EC0-301F-11D3-BF4B-00C04F79EFBC}") = "SafeZone.Modules.RealTime.Core", "src\Modules\RealTime\SafeZone.Modules.RealTime.Core\SafeZone.Modules.RealTime.Core.csproj", "{1F2D2B63-0760-4226-A419-5A9B8C6500E2}"
EndProject
Project("{2150E333-8FDC-42A3-9474-1A3956D46DE8}") = "Reporting", "Reporting", "{738763F7-68AC-12DE-A386-1ED9BDE12CF2}"
EndProject
Project("{FAE04EC0-301F-11D3-BF4B-00C04F79EFBC}") = "SafeZone.Modules.Reporting.Api", "src\Modules\Reporting\SafeZone.Modules.Reporting.Api\SafeZone.Modules.Reporting.Api.csproj", "{6547AC4F-0ECA-4EED-9B70-7C53F213B17C}"
EndProject
Project("{FAE04EC0-301F-11D3-BF4B-00C04F79EFBC}") = "SafeZone.Modules.Reporting.Core", "src\Modules\Reporting\SafeZone.Modules.Reporting.Core\SafeZone.Modules.Reporting.Core.csproj", "{8B2E1715-ABB2-4D0E-A086-76F15D6A75ED}"
EndProject
Project("{2150E333-8FDC-42A3-9474-1A3956D46DE8}") = "Comments", "Comments", "{4686826B-F13A-C185-7B23-A2BA78F9D315}"
EndProject
Project("{FAE04EC0-301F-11D3-BF4B-00C04F79EFBC}") = "SafeZone.Modules.Comments.Api", "src\Modules\Comments\SafeZone.Modules.Comments.Api\SafeZone.Modules.Comments.Api.csproj", "{C4F35C17-97E1-47E2-8C06-43DF4EC75167}"
EndProject
Project("{FAE04EC0-301F-11D3-BF4B-00C04F79EFBC}") = "SafeZone.Modules.Comments.Core", "src\Modules\Comments\SafeZone.Modules.Comments.Core\SafeZone.Modules.Comments.Core.csproj", "{677FD4D7-0873-45D2-999A-029614D5EAFB}"
EndProject
Global
	GlobalSection(SolutionConfigurationPlatforms) = preSolution
		Debug|Any CPU = Debug|Any CPU
		Debug|x64 = Debug|x64
		Debug|x86 = Debug|x86
		Release|Any CPU = Release|Any CPU
		Release|x64 = Release|x64
		Release|x86 = Release|x86
	EndGlobalSection
	GlobalSection(ProjectConfigurationPlatforms) = postSolution
		{E6F7C5A1-DA33-4CA4-A8FA-2D75C05B0C1F}.Debug|Any CPU.ActiveCfg = Debug|Any CPU
		{E6F7C5A1-DA33-4CA4-A8FA-2D75C05B0C1F}.Debug|Any CPU.Build.0 = Debug|Any CPU
		{E6F7C5A1-DA33-4CA4-A8FA-2D75C05B0C1F}.Debug|x64.ActiveCfg = Debug|Any CPU
		{E6F7C5A1-DA33-4CA4-A8FA-2D75C05B0C1F}.Debug|x64.Build.0 = Debug|Any CPU
		{E6F7C5A1-DA33-4CA4-A8FA-2D75C05B0C1F}.Debug|x86.ActiveCfg = Debug|Any CPU
		{E6F7C5A1-DA33-4CA4-A8FA-2D75C05B0C1F}.Debug|x86.Build.0 = Debug|Any CPU
		{E6F7C5A1-DA33-4CA4-A8FA-2D75C05B0C1F}.Release|Any CPU.ActiveCfg = Release|Any CPU
		{E6F7C5A1-DA33-4CA4-A8FA-2D75C05B0C1F}.Release|Any CPU.Build.0 = Release|Any CPU
		{E6F7C5A1-DA33-4CA4-A8FA-2D75C05B0C1F}.Release|x64.ActiveCfg = Release|Any CPU
		{E6F7C5A1-DA33-4CA4-A8FA-2D75C05B0C1F}.Release|x64.Build.0 = Release|Any CPU
		{E6F7C5A1-DA33-4CA4-A8FA-2D75C05B0C1F}.Release|x86.ActiveCfg = Release|Any CPU
		{E6F7C5A1-DA33-4CA4-A8FA-2D75C05B0C1F}.Release|x86.Build.0 = Release|Any CPU
		{9351596D-B14A-46F3-8711-192E3B592CA8}.Debug|Any CPU.ActiveCfg = Debug|Any CPU
		{9351596D-B14A-46F3-8711-192E3B592CA8}.Debug|Any CPU.Build.0 = Debug|Any CPU
		{9351596D-B14A-46F3-8711-192E3B592CA8}.Debug|x64.ActiveCfg = Debug|Any CPU
		{9351596D-B14A-46F3-8711-192E3B592CA8}.Debug|x64.Build.0 = Debug|Any CPU
		{9351596D-B14A-46F3-8711-192E3B592CA8}.Debug|x86.ActiveCfg = Debug|Any CPU
		{9351596D-B14A-46F3-8711-192E3B592CA8}.Debug|x86.Build.0 = Debug|Any CPU
		{9351596D-B14A-46F3-8711-192E3B592CA8}.Release|Any CPU.ActiveCfg = Release|Any CPU
		{9351596D-B14A-46F3-8711-192E3B592CA8}.Release|Any CPU.Build.0 = Release|Any CPU
		{9351596D-B14A-46F3-8711-192E3B592CA8}.Release|x64.ActiveCfg = Release|Any CPU
		{9351596D-B14A-46F3-8711-192E3B592CA8}.Release|x64.Build.0 = Release|Any CPU
		{9351596D-B14A-46F3-8711-192E3B592CA8}.Release|x86.ActiveCfg = Release|Any CPU
		{9351596D-B14A-46F3-8711-192E3B592CA8}.Release|x86.Build.0 = Release|Any CPU
		{034F2CA2-59BD-40B4-A19B-D9FA55E38E4D}.Debug|Any CPU.ActiveCfg = Debug|Any CPU
		{034F2CA2-59BD-40B4-A19B-D9FA55E38E4D}.Debug|Any CPU.Build.0 = Debug|Any CPU
		{034F2CA2-59BD-40B4-A19B-D9FA55E38E4D}.Debug|x64.ActiveCfg = Debug|Any CPU
		{034F2CA2-59BD-40B4-A19B-D9FA55E38E4D}.Debug|x64.Build.0 = Debug|Any CPU
		{034F2CA2-59BD-40B4-A19B-D9FA55E38E4D}.Debug|x86.ActiveCfg = Debug|Any CPU
		{034F2CA2-59BD-40B4-A19B-D9FA55E38E4D}.Debug|x86.Build.0 = Debug|Any CPU
		{034F2CA2-59BD-40B4-A19B-D9FA55E38E4D}.Release|Any CPU.ActiveCfg = Release|Any CPU
		{034F2CA2-59BD-40B4-A19B-D9FA55E38E4D}.Release|Any CPU.Build.0 = Release|Any CPU
		{034F2CA2-59BD-40B4-A19B-D9FA55E38E4D}.Release|x64.ActiveCfg = Release|Any CPU
		{034F2CA2-59BD-40B4-A19B-D9FA55E38E4D}.Release|x64.Build.0 = Release|Any CPU
		{034F2CA2-59BD-40B4-A19B-D9FA55E38E4D}.Release|x86.ActiveCfg = Release|Any CPU
		{034F2CA2-59BD-40B4-A19B-D9FA55E38E4D}.Release|x86.Build.0 = Release|Any CPU
		{0CF05235-D1DC-4F91-8FA8-5EB64DB74843}.Debug|Any CPU.ActiveCfg = Debug|Any CPU
		{0CF05235-D1DC-4F91-8FA8-5EB64DB74843}.Debug|Any CPU.Build.0 = Debug|Any CPU
		{0CF05235-D1DC-4F91-8FA8-5EB64DB74843}.Debug|x64.ActiveCfg = Debug|Any CPU
		{0CF05235-D1DC-4F91-8FA8-5EB64DB74843}.Debug|x64.Build.0 = Debug|Any CPU
		{0CF05235-D1DC-4F91-8FA8-5EB64DB74843}.Debug|x86.ActiveCfg = Debug|Any CPU
		{0CF05235-D1DC-4F91-8FA8-5EB64DB74843}.Debug|x86.Build.0 = Debug|Any CPU
		{0CF05235-D1DC-4F91-8FA8-5EB64DB74843}.Release|Any CPU.ActiveCfg = Release|Any CPU
		{0CF05235-D1DC-4F91-8FA8-5EB64DB74843}.Release|Any CPU.Build.0 = Release|Any CPU
		{0CF05235-D1DC-4F91-8FA8-5EB64DB74843}.Release|x64.ActiveCfg = Release|Any CPU
		{0CF05235-D1DC-4F91-8FA8-5EB64DB74843}.Release|x64.Build.0 = Release|Any CPU
		{0CF05235-D1DC-4F91-8FA8-5EB64DB74843}.Release|x86.ActiveCfg = Release|Any CPU
		{0CF05235-D1DC-4F91-8FA8-5EB64DB74843}.Release|x86.Build.0 = Release|Any CPU
		{B368ABD3-C671-499E-BBF0-5A853881BA94}.Debug|Any CPU.ActiveCfg = Debug|Any CPU
		{B368ABD3-C671-499E-BBF0-5A853881BA94}.Debug|Any CPU.Build.0 = Debug|Any CPU
		{B368ABD3-C671-499E-BBF0-5A853881BA94}.Debug|x64.ActiveCfg = Debug|Any CPU
		{B368ABD3-C671-499E-BBF0-5A853881BA94}.Debug|x64.Build.0 = Debug|Any CPU
		{B368ABD3-C671-499E-BBF0-5A853881BA94}.Debug|x86.ActiveCfg = Debug|Any CPU
		{B368ABD3-C671-499E-BBF0-5A853881BA94}.Debug|x86.Build.0 = Debug|Any CPU
		{B368ABD3-C671-499E-BBF0-5A853881BA94}.Release|Any CPU.ActiveCfg = Release|Any CPU
		{B368ABD3-C671-499E-BBF0-5A853881BA94}.Release|Any CPU.Build.0 = Release|Any CPU
		{B368ABD3-C671-499E-BBF0-5A853881BA94}.Release|x64.ActiveCfg = Release|Any CPU
		{B368ABD3-C671-499E-BBF0-5A853881BA94}.Release|x64.Build.0 = Release|Any CPU
		{B368ABD3-C671-499E-BBF0-5A853881BA94}.Release|x86.ActiveCfg = Release|Any CPU
		{B368ABD3-C671-499E-BBF0-5A853881BA94}.Release|x86.Build.0 = Release|Any CPU
		{92CB3CF6-9FE8-4AF9-88F4-06E495504C17}.Debug|Any CPU.ActiveCfg = Debug|Any CPU
		{92CB3CF6-9FE8-4AF9-88F4-06E495504C17}.Debug|Any CPU.Build.0 = Debug|Any CPU
		{92CB3CF6-9FE8-4AF9-88F4-06E495504C17}.Debug|x64.ActiveCfg = Debug|Any CPU
		{92CB3CF6-9FE8-4AF9-88F4-06E495504C17}.Debug|x64.Build.0 = Debug|Any CPU
		{92CB3CF6-9FE8-4AF9-88F4-06E495504C17}.Debug|x86.ActiveCfg = Debug|Any CPU
		{92CB3CF6-9FE8-4AF9-88F4-06E495504C17}.Debug|x86.Build.0 = Debug|Any CPU
		{92CB3CF6-9FE8-4AF9-88F4-06E495504C17}.Release|Any CPU.ActiveCfg = Release|Any CPU
		{92CB3CF6-9FE8-4AF9-88F4-06E495504C17}.Release|Any CPU.Build.0 = Release|Any CPU
		{92CB3CF6-9FE8-4AF9-88F4-06E495504C17}.Release|x64.ActiveCfg = Release|Any CPU
		{92CB3CF6-9FE8-4AF9-88F4-06E495504C17}.Release|x64.Build.0 = Release|Any CPU
		{92CB3CF6-9FE8-4AF9-88F4-06E495504C17}.Release|x86.ActiveCfg = Release|Any CPU
		{92CB3CF6-9FE8-4AF9-88F4-06E495504C17}.Release|x86.Build.0 = Release|Any CPU
		{D0062442-5297-4B8C-93DF-40F2489A864C}.Debug|Any CPU.ActiveCfg = Debug|Any CPU
		{D0062442-5297-4B8C-93DF-40F2489A864C}.Debug|Any CPU.Build.0 = Debug|Any CPU
		{D0062442-5297-4B8C-93DF-40F2489A864C}.Debug|x64.ActiveCfg = Debug|Any CPU
		{D0062442-5297-4B8C-93DF-40F2489A864C}.Debug|x64.Build.0 = Debug|Any CPU
		{D0062442-5297-4B8C-93DF-40F2489A864C}.Debug|x86.ActiveCfg = Debug|Any CPU
		{D0062442-5297-4B8C-93DF-40F2489A864C}.Debug|x86.Build.0 = Debug|Any CPU
		{D0062442-5297-4B8C-93DF-40F2489A864C}.Release|Any CPU.ActiveCfg = Release|Any CPU
		{D0062442-5297-4B8C-93DF-40F2489A864C}.Release|Any CPU.Build.0 = Release|Any CPU
		{D0062442-5297-4B8C-93DF-40F2489A864C}.Release|x64.ActiveCfg = Release|Any CPU
		{D0062442-5297-4B8C-93DF-40F2489A864C}.Release|x64.Build.0 = Release|Any CPU
		{D0062442-5297-4B8C-93DF-40F2489A864C}.Release|x86.ActiveCfg = Release|Any CPU
		{D0062442-5297-4B8C-93DF-40F2489A864C}.Release|x86.Build.0 = Release|Any CPU
		{8BBBE6CE-C58D-4FB9-A4CF-732930952FF8}.Debug|Any CPU.ActiveCfg = Debug|Any CPU
		{8BBBE6CE-C58D-4FB9-A4CF-732930952FF8}.Debug|Any CPU.Build.0 = Debug|Any CPU
		{8BBBE6CE-C58D-4FB9-A4CF-732930952FF8}.Debug|x64.ActiveCfg = Debug|Any CPU
		{8BBBE6CE-C58D-4FB9-A4CF-732930952FF8}.Debug|x64.Build.0 = Debug|Any CPU
		{8BBBE6CE-C58D-4FB9-A4CF-732930952FF8}.Debug|x86.ActiveCfg = Debug|Any CPU
		{8BBBE6CE-C58D-4FB9-A4CF-732930952FF8}.Debug|x86.Build.0 = Debug|Any CPU
		{8BBBE6CE-C58D-4FB9-A4CF-732930952FF8}.Release|Any CPU.ActiveCfg = Release|Any CPU
		{8BBBE6CE-C58D-4FB9-A4CF-732930952FF8}.Release|Any CPU.Build.0 = Release|Any CPU
		{8BBBE6CE-C58D-4FB9-A4CF-732930952FF8}.Release|x64.ActiveCfg = Release|Any CPU
		{8BBBE6CE-C58D-4FB9-A4CF-732930952FF8}.Release|x64.Build.0 = Release|Any CPU
		{8BBBE6CE-C58D-4FB9-A4CF-732930952FF8}.Release|x86.ActiveCfg = Release|Any CPU
		{8BBBE6CE-C58D-4FB9-A4CF-732930952FF8}.Release|x86.Build.0 = Release|Any CPU
		{B1993C53-1CC0-460C-881A-9C7BDA8ABC66}.Debug|Any CPU.ActiveCfg = Debug|Any CPU
		{B1993C53-1CC0-460C-881A-9C7BDA8ABC66}.Debug|Any CPU.Build.0 = Debug|Any CPU
		{B1993C53-1CC0-460C-881A-9C7BDA8ABC66}.Debug|x64.ActiveCfg = Debug|Any CPU
		{B1993C53-1CC0-460C-881A-9C7BDA8ABC66}.Debug|x64.Build.0 = Debug|Any CPU
		{B1993C53-1CC0-460C-881A-9C7BDA8ABC66}.Debug|x86.ActiveCfg = Debug|Any CPU
		{B1993C53-1CC0-460C-881A-9C7BDA8ABC66}.Debug|x86.Build.0 = Debug|Any CPU
		{B1993C53-1CC0-460C-881A-9C7BDA8ABC66}.Release|Any CPU.ActiveCfg = Release|Any CPU
		{B1993C53-1CC0-460C-881A-9C7BDA8ABC66}.Release|Any CPU.Build.0 = Release|Any CPU
		{B1993C53-1CC0-460C-881A-9C7BDA8ABC66}.Release|x64.ActiveCfg = Release|Any CPU
		{B1993C53-1CC0-460C-881A-9C7BDA8ABC66}.Release|x64.Build.0 = Release|Any CPU
		{B1993C53-1CC0-460C-881A-9C7BDA8ABC66}.Release|x86.ActiveCfg = Release|Any CPU
		{B1993C53-1CC0-460C-881A-9C7BDA8ABC66}.Release|x86.Build.0 = Release|Any CPU
		{F4C05F69-D8A2-4136-84C6-57B82453D10B}.Debug|Any CPU.ActiveCfg = Debug|Any CPU
		{F4C05F69-D8A2-4136-84C6-57B82453D10B}.Debug|Any CPU.Build.0 = Debug|Any CPU
		{F4C05F69-D8A2-4136-84C6-57B82453D10B}.Debug|x64.ActiveCfg = Debug|Any CPU
		{F4C05F69-D8A2-4136-84C6-57B82453D10B}.Debug|x64.Build.0 = Debug|Any CPU
		{F4C05F69-D8A2-4136-84C6-57B82453D10B}.Debug|x86.ActiveCfg = Debug|Any CPU
		{F4C05F69-D8A2-4136-84C6-57B82453D10B}.Debug|x86.Build.0 = Debug|Any CPU
		{F4C05F69-D8A2-4136-84C6-57B82453D10B}.Release|Any CPU.ActiveCfg = Release|Any CPU
		{F4C05F69-D8A2-4136-84C6-57B82453D10B}.Release|Any CPU.Build.0 = Release|Any CPU
		{F4C05F69-D8A2-4136-84C6-57B82453D10B}.Release|x64.ActiveCfg = Release|Any CPU
		{F4C05F69-D8A2-4136-84C6-57B82453D10B}.Release|x64.Build.0 = Release|Any CPU
		{F4C05F69-D8A2-4136-84C6-57B82453D10B}.Release|x86.ActiveCfg = Release|Any CPU
		{F4C05F69-D8A2-4136-84C6-57B82453D10B}.Release|x86.Build.0 = Release|Any CPU
		{F7CDC44E-1478-47BC-A0E1-8F57A6D11D70}.Debug|Any CPU.ActiveCfg = Debug|Any CPU
		{F7CDC44E-1478-47BC-A0E1-8F57A6D11D70}.Debug|Any CPU.Build.0 = Debug|Any CPU
		{F7CDC44E-1478-47BC-A0E1-8F57A6D11D70}.Debug|x64.ActiveCfg = Debug|Any CPU
		{F7CDC44E-1478-47BC-A0E1-8F57A6D11D70}.Debug|x64.Build.0 = Debug|Any CPU
		{F7CDC44E-1478-47BC-A0E1-8F57A6D11D70}.Debug|x86.ActiveCfg = Debug|Any CPU
		{F7CDC44E-1478-47BC-A0E1-8F57A6D11D70}.Debug|x86.Build.0 = Debug|Any CPU
		{F7CDC44E-1478-47BC-A0E1-8F57A6D11D70}.Release|Any CPU.ActiveCfg = Release|Any CPU
		{F7CDC44E-1478-47BC-A0E1-8F57A6D11D70}.Release|Any CPU.Build.0 = Release|Any CPU
		{F7CDC44E-1478-47BC-A0E1-8F57A6D11D70}.Release|x64.ActiveCfg = Release|Any CPU
		{F7CDC44E-1478-47BC-A0E1-8F57A6D11D70}.Release|x64.Build.0 = Release|Any CPU
		{F7CDC44E-1478-47BC-A0E1-8F57A6D11D70}.Release|x86.ActiveCfg = Release|Any CPU
		{F7CDC44E-1478-47BC-A0E1-8F57A6D11D70}.Release|x86.Build.0 = Release|Any CPU
		{28726BE6-98C0-425F-BBD0-EF43CC9B6386}.Debug|Any CPU.ActiveCfg = Debug|Any CPU
		{28726BE6-98C0-425F-BBD0-EF43CC9B6386}.Debug|Any CPU.Build.0 = Debug|Any CPU
		{28726BE6-98C0-425F-BBD0-EF43CC9B6386}.Debug|x64.ActiveCfg = Debug|Any CPU
		{28726BE6-98C0-425F-BBD0-EF43CC9B6386}.Debug|x64.Build.0 = Debug|Any CPU
		{28726BE6-98C0-425F-BBD0-EF43CC9B6386}.Debug|x86.ActiveCfg = Debug|Any CPU
		{28726BE6-98C0-425F-BBD0-EF43CC9B6386}.Debug|x86.Build.0 = Debug|Any CPU
		{28726BE6-98C0-425F-BBD0-EF43CC9B6386}.Release|Any CPU.ActiveCfg = Release|Any CPU
		{28726BE6-98C0-425F-BBD0-EF43CC9B6386}.Release|Any CPU.Build.0 = Release|Any CPU
		{28726BE6-98C0-425F-BBD0-EF43CC9B6386}.Release|x64.ActiveCfg = Release|Any CPU
		{28726BE6-98C0-425F-BBD0-EF43CC9B6386}.Release|x64.Build.0 = Release|Any CPU
		{28726BE6-98C0-425F-BBD0-EF43CC9B6386}.Release|x86.ActiveCfg = Release|Any CPU
		{28726BE6-98C0-425F-BBD0-EF43CC9B6386}.Release|x86.Build.0 = Release|Any CPU
		{1F2D2B63-0760-4226-A419-5A9B8C6500E2}.Debug|Any CPU.ActiveCfg = Debug|Any CPU
		{1F2D2B63-0760-4226-A419-5A9B8C6500E2}.Debug|Any CPU.Build.0 = Debug|Any CPU
		{1F2D2B63-0760-4226-A419-5A9B8C6500E2}.Debug|x64.ActiveCfg = Debug|Any CPU
		{1F2D2B63-0760-4226-A419-5A9B8C6500E2}.Debug|x64.Build.0 = Debug|Any CPU
		{1F2D2B63-0760-4226-A419-5A9B8C6500E2}.Debug|x86.ActiveCfg = Debug|Any CPU
		{1F2D2B63-0760-4226-A419-5A9B8C6500E2}.Debug|x86.Build.0 = Debug|Any CPU
		{1F2D2B63-0760-4226-A419-5A9B8C6500E2}.Release|Any CPU.ActiveCfg = Release|Any CPU
		{1F2D2B63-0760-4226-A419-5A9B8C6500E2}.Release|Any CPU.Build.0 = Release|Any CPU
		{1F2D2B63-0760-4226-A419-5A9B8C6500E2}.Release|x64.ActiveCfg = Release|Any CPU
		{1F2D2B63-0760-4226-A419-5A9B8C6500E2}.Release|x64.Build.0 = Release|Any CPU
		{1F2D2B63-0760-4226-A419-5A9B8C6500E2}.Release|x86.ActiveCfg = Release|Any CPU
		{1F2D2B63-0760-4226-A419-5A9B8C6500E2}.Release|x86.Build.0 = Release|Any CPU
		{6547AC4F-0ECA-4EED-9B70-7C53F213B17C}.Debug|Any CPU.ActiveCfg = Debug|Any CPU
		{6547AC4F-0ECA-4EED-9B70-7C53F213B17C}.Debug|Any CPU.Build.0 = Debug|Any CPU
		{6547AC4F-0ECA-4EED-9B70-7C53F213B17C}.Debug|x64.ActiveCfg = Debug|Any CPU
		{6547AC4F-0ECA-4EED-9B70-7C53F213B17C}.Debug|x64.Build.0 = Debug|Any CPU
		{6547AC4F-0ECA-4EED-9B70-7C53F213B17C}.Debug|x86.ActiveCfg = Debug|Any CPU
		{6547AC4F-0ECA-4EED-9B70-7C53F213B17C}.Debug|x86.Build.0 = Debug|Any CPU
		{6547AC4F-0ECA-4EED-9B70-7C53F213B17C}.Release|Any CPU.ActiveCfg = Release|Any CPU
		{6547AC4F-0ECA-4EED-9B70-7C53F213B17C}.Release|Any CPU.Build.0 = Release|Any CPU
		{6547AC4F-0ECA-4EED-9B70-7C53F213B17C}.Release|x64.ActiveCfg = Release|Any CPU
		{6547AC4F-0ECA-4EED-9B70-7C53F213B17C}.Release|x64.Build.0 = Release|Any CPU
		{6547AC4F-0ECA-4EED-9B70-7C53F213B17C}.Release|x86.ActiveCfg = Release|Any CPU
		{6547AC4F-0ECA-4EED-9B70-7C53F213B17C}.Release|x86.Build.0 = Release|Any CPU
		{8B2E1715-ABB2-4D0E-A086-76F15D6A75ED}.Debug|Any CPU.ActiveCfg = Debug|Any CPU
		{8B2E1715-ABB2-4D0E-A086-76F15D6A75ED}.Debug|Any CPU.Build.0 = Debug|Any CPU
		{8B2E1715-ABB2-4D0E-A086-76F15D6A75ED}.Debug|x64.ActiveCfg = Debug|Any CPU
		{8B2E1715-ABB2-4D0E-A086-76F15D6A75ED}.Debug|x64.Build.0 = Debug|Any CPU
		{8B2E1715-ABB2-4D0E-A086-76F15D6A75ED}.Debug|x86.ActiveCfg = Debug|Any CPU
		{8B2E1715-ABB2-4D0E-A086-76F15D6A75ED}.Debug|x86.Build.0 = Debug|Any CPU
		{8B2E1715-ABB2-4D0E-A086-76F15D6A75ED}.Release|Any CPU.ActiveCfg = Release|Any CPU
		{8B2E1715-ABB2-4D0E-A086-76F15D6A75ED}.Release|Any CPU.Build.0 = Release|Any CPU
		{8B2E1715-ABB2-4D0E-A086-76F15D6A75ED}.Release|x64.ActiveCfg = Release|Any CPU
		{8B2E1715-ABB2-4D0E-A086-76F15D6A75ED}.Release|x64.Build.0 = Release|Any CPU
		{8B2E1715-ABB2-4D0E-A086-76F15D6A75ED}.Release|x86.ActiveCfg = Release|Any CPU
		{8B2E1715-ABB2-4D0E-A086-76F15D6A75ED}.Release|x86.Build.0 = Release|Any CPU
		{C4F35C17-97E1-47E2-8C06-43DF4EC75167}.Debug|Any CPU.ActiveCfg = Debug|Any CPU
		{C4F35C17-97E1-47E2-8C06-43DF4EC75167}.Debug|Any CPU.Build.0 = Debug|Any CPU
		{C4F35C17-97E1-47E2-8C06-43DF4EC75167}.Debug|x64.ActiveCfg = Debug|Any CPU
		{C4F35C17-97E1-47E2-8C06-43DF4EC75167}.Debug|x64.Build.0 = Debug|Any CPU
		{C4F35C17-97E1-47E2-8C06-43DF4EC75167}.Debug|x86.ActiveCfg = Debug|Any CPU
		{C4F35C17-97E1-47E2-8C06-43DF4EC75167}.Debug|x86.Build.0 = Debug|Any CPU
		{C4F35C17-97E1-47E2-8C06-43DF4EC75167}.Release|Any CPU.ActiveCfg = Release|Any CPU
		{C4F35C17-97E1-47E2-8C06-43DF4EC75167}.Release|Any CPU.Build.0 = Release|Any CPU
		{C4F35C17-97E1-47E2-8C06-43DF4EC75167}.Release|x64.ActiveCfg = Release|Any CPU
		{C4F35C17-97E1-47E2-8C06-43DF4EC75167}.Release|x64.Build.0 = Release|Any CPU
		{C4F35C17-97E1-47E2-8C06-43DF4EC75167}.Release|x86.ActiveCfg = Release|Any CPU
		{C4F35C17-97E1-47E2-8C06-43DF4EC75167}.Release|x86.Build.0 = Release|Any CPU
		{677FD4D7-0873-45D2-999A-029614D5EAFB}.Debug|Any CPU.ActiveCfg = Debug|Any CPU
		{677FD4D7-0873-45D2-999A-029614D5EAFB}.Debug|Any CPU.Build.0 = Debug|Any CPU
		{677FD4D7-0873-45D2-999A-029614D5EAFB}.Debug|x64.ActiveCfg = Debug|Any CPU
		{677FD4D7-0873-45D2-999A-029614D5EAFB}.Debug|x64.Build.0 = Debug|Any CPU
		{677FD4D7-0873-45D2-999A-029614D5EAFB}.Debug|x86.ActiveCfg = Debug|Any CPU
		{677FD4D7-0873-45D2-999A-029614D5EAFB}.Debug|x86.Build.0 = Debug|Any CPU
		{677FD4D7-0873-45D2-999A-029614D5EAFB}.Release|Any CPU.ActiveCfg = Release|Any CPU
		{677FD4D7-0873-45D2-999A-029614D5EAFB}.Release|Any CPU.Build.0 = Release|Any CPU
		{677FD4D7-0873-45D2-999A-029614D5EAFB}.Release|x64.ActiveCfg = Release|Any CPU
		{677FD4D7-0873-45D2-999A-029614D5EAFB}.Release|x64.Build.0 = Release|Any CPU
		{677FD4D7-0873-45D2-999A-029614D5EAFB}.Release|x86.ActiveCfg = Release|Any CPU
		{677FD4D7-0873-45D2-999A-029614D5EAFB}.Release|x86.Build.0 = Release|Any CPU
	EndGlobalSection
	GlobalSection(SolutionProperties) = preSolution
		HideSolutionNode = FALSE
	EndGlobalSection
	GlobalSection(NestedProjects) = preSolution
		{E6F7C5A1-DA33-4CA4-A8FA-2D75C05B0C1F} = {A1B3E671-BFB5-4E3C-852A-42245D15AAA4}
		{9351596D-B14A-46F3-8711-192E3B592CA8} = {A1B3E671-BFB5-4E3C-852A-42245D15AAA4}
		{034F2CA2-59BD-40B4-A19B-D9FA55E38E4D} = {98E517D0-B1FF-473F-ABC2-9ABD6AA1DB50}
		{EC447DCF-ABFA-6E24-52A5-D7FD48A5C558} = {827E0CD3-B72D-47B6-A68D-7590B98EB39B}
		{0EC62A1A-9858-3A60-8A0C-FC9AACFA2EC7} = {EC447DCF-ABFA-6E24-52A5-D7FD48A5C558}
		{0CF05235-D1DC-4F91-8FA8-5EB64DB74843} = {0EC62A1A-9858-3A60-8A0C-FC9AACFA2EC7}
		{B368ABD3-C671-499E-BBF0-5A853881BA94} = {0EC62A1A-9858-3A60-8A0C-FC9AACFA2EC7}
		{3025D2F9-601E-A73F-5034-9ABB7768656E} = {EC447DCF-ABFA-6E24-52A5-D7FD48A5C558}
		{92CB3CF6-9FE8-4AF9-88F4-06E495504C17} = {3025D2F9-601E-A73F-5034-9ABB7768656E}
		{D0062442-5297-4B8C-93DF-40F2489A864C} = {3025D2F9-601E-A73F-5034-9ABB7768656E}
		{107A7913-3BD9-3747-7E40-EFE6C784F2A6} = {EC447DCF-ABFA-6E24-52A5-D7FD48A5C558}
		{8BBBE6CE-C58D-4FB9-A4CF-732930952FF8} = {107A7913-3BD9-3747-7E40-EFE6C784F2A6}
		{B1993C53-1CC0-460C-881A-9C7BDA8ABC66} = {107A7913-3BD9-3747-7E40-EFE6C784F2A6}
		{8CB90BF2-8AB3-B452-F282-51EFE98D5BDD} = {EC447DCF-ABFA-6E24-52A5-D7FD48A5C558}
		{F4C05F69-D8A2-4136-84C6-57B82453D10B} = {8CB90BF2-8AB3-B452-F282-51EFE98D5BDD}
		{F7CDC44E-1478-47BC-A0E1-8F57A6D11D70} = {8CB90BF2-8AB3-B452-F282-51EFE98D5BDD}
		{EF0F585A-0B38-C4B1-0E02-F2A83540D143} = {EC447DCF-ABFA-6E24-52A5-D7FD48A5C558}
		{28726BE6-98C0-425F-BBD0-EF43CC9B6386} = {EF0F585A-0B38-C4B1-0E02-F2A83540D143}
		{1F2D2B63-0760-4226-A419-5A9B8C6500E2} = {EF0F585A-0B38-C4B1-0E02-F2A83540D143}
		{738763F7-68AC-12DE-A386-1ED9BDE12CF2} = {EC447DCF-ABFA-6E24-52A5-D7FD48A5C558}
		{6547AC4F-0ECA-4EED-9B70-7C53F213B17C} = {738763F7-68AC-12DE-A386-1ED9BDE12CF2}
		{8B2E1715-ABB2-4D0E-A086-76F15D6A75ED} = {738763F7-68AC-12DE-A386-1ED9BDE12CF2}
		{4686826B-F13A-C185-7B23-A2BA78F9D315} = {EC447DCF-ABFA-6E24-52A5-D7FD48A5C558}
		{C4F35C17-97E1-47E2-8C06-43DF4EC75167} = {4686826B-F13A-C185-7B23-A2BA78F9D315}
		{677FD4D7-0873-45D2-999A-029614D5EAFB} = {4686826B-F13A-C185-7B23-A2BA78F9D315}
	EndGlobalSection
EndGlobal
