
Microsoft Visual Studio Solution File, Format Version 12.00
# Visual Studio Version 16
VisualStudioVersion = 16.0.30114.105
MinimumVisualStudioVersion = 10.0.40219.1
Project("{2150E333-8FDC-42A3-9474-1A3956D46DE8}") = "Shared", "Shared", "{A1B3E671-BFB5-4E3C-852A-42245D15AAA4}"
EndProject
Project("{2150E333-8FDC-42A3-9474-1A3956D46DE8}") = "Bootstrapper", "Bootstrapper", "{98E517D0-B1FF-473F-ABC2-9ABD6AA1DB50}"
EndProject
Project("{2150E333-8FDC-42A3-9474-1A3956D46DE8}") = "Modules", "Modules", "{1E27CE56-47D9-4B0C-83B3-71A80DD151A2}"
EndProject
Project("{FAE04EC0-301F-11D3-BF4B-00C04F79EFBC}") = "SafeZone.Shared.Abstractions", "src\Shared\SafeZone.Shared.Abstractions\SafeZone.Shared.Abstractions.csproj", "{E6F7C5A1-DA33-4CA4-A8FA-2D75C05B0C1F}"
EndProject
Project("{FAE04EC0-301F-11D3-BF4B-00C04F79EFBC}") = "SafeZone.Shared.Infrastructure", "src\Shared\SafeZone.Shared.Infrastructure\SafeZone.Shared.Infrastructure.csproj", "{9351596D-B14A-46F3-8711-192E3B592CA8}"
EndProject
Project("{FAE04EC0-301F-11D3-BF4B-00C04F79EFBC}") = "SafeZone.Bootstrapper", "src\Bootstrapper\SafeZone.Bootstrapper\SafeZone.Bootstrapper.csproj", "{034F2CA2-59BD-40B4-A19B-D9FA55E38E4D}"
EndProject
Project("{2150E333-8FDC-42A3-9474-1A3956D46DE8}") = "src", "src", "{827E0CD3-B72D-47B6-A68D-7590B98EB39B}"
EndProject
Project("{2150E333-8FDC-42A3-9474-1A3956D46DE8}") = "Modules", "Modules", "{EC447DCF-ABFA-6E24-52A5-D7FD48A5C558}"
EndProject
Project("{2150E333-8FDC-42A3-9474-1A3956D46DE8}") = "Comments", "Comments", "{4686826B-F13A-C185-7B23-A2BA78F9D315}"
EndProject
Project("{FAE04EC0-301F-11D3-BF4B-00C04F79EFBC}") = "SafeZone.Modules.Comments.Api", "src\Modules\Comments\SafeZone.Modules.Comments.Api\SafeZone.Modules.Comments.Api.csproj", "{DF46E3CA-54E7-41A3-9138-AED5F448A273}"
EndProject
Project("{FAE04EC0-301F-11D3-BF4B-00C04F79EFBC}") = "SafeZone.Modules.Comments.Core", "src\Modules\Comments\SafeZone.Modules.Comments.Core\SafeZone.Modules.Comments.Core.csproj", "{3FEF9366-A508-4DE6-96A5-0A924986298C}"
EndProject
Project("{2150E333-8FDC-42A3-9474-1A3956D46DE8}") = "Identity", "Identity", "{0EC62A1A-9858-3A60-8A0C-FC9AACFA2EC7}"
EndProject
Project("{FAE04EC0-301F-11D3-BF4B-00C04F79EFBC}") = "SafeZone.Modules.Identity.Api", "src\Modules\Identity\SafeZone.Modules.Identity.Api\SafeZone.Modules.Identity.Api.csproj", "{CDE560A6-0192-42E7-A5B6-21BFB6683BD0}"
EndProject
Project("{FAE04EC0-301F-11D3-BF4B-00C04F79EFBC}") = "SafeZone.Modules.Identity.Core", "src\Modules\Identity\SafeZone.Modules.Identity.Core\SafeZone.Modules.Identity.Core.csproj", "{B1349855-75B1-408F-999E-B5DD4FF56ABF}"
EndProject
Project("{2150E333-8FDC-42A3-9474-1A3956D46DE8}") = "Incident", "Incident", "{3025D2F9-601E-A73F-5034-9ABB7768656E}"
EndProject
Project("{FAE04EC0-301F-11D3-BF4B-00C04F79EFBC}") = "SafeZone.Modules.Incident.Api", "src\Modules\Incident\SafeZone.Modules.Incident.Api\SafeZone.Modules.Incident.Api.csproj", "{762A967E-5461-42E3-B155-BCE2966DC8B5}"
EndProject
Project("{FAE04EC0-301F-11D3-BF4B-00C04F79EFBC}") = "SafeZone.Modules.Incident.Core", "src\Modules\Incident\SafeZone.Modules.Incident.Core\SafeZone.Modules.Incident.Core.csproj", "{2F1C0FF8-5A5B-43A1-9FF7-FC9CADC44CDE}"
EndProject
Project("{2150E333-8FDC-42A3-9474-1A3956D46DE8}") = "Location", "Location", "{8CB90BF2-8AB3-B452-F282-51EFE98D5BDD}"
EndProject
Project("{FAE04EC0-301F-11D3-BF4B-00C04F79EFBC}") = "SafeZone.Modules.Location.Api", "src\Modules\Location\SafeZone.Modules.Location.Api\SafeZone.Modules.Location.Api.csproj", "{DC880EDE-C9A9-4192-8F88-386DCE8D5D0E}"
EndProject
Project("{FAE04EC0-301F-11D3-BF4B-00C04F79EFBC}") = "SafeZone.Modules.Location.Core", "src\Modules\Location\SafeZone.Modules.Location.Core\SafeZone.Modules.Location.Core.csproj", "{F513A056-5681-4922-A07E-CF11E1ABAED2}"
EndProject
Global
	GlobalSection(SolutionConfigurationPlatforms) = preSolution
		Debug|Any CPU = Debug|Any CPU
		Debug|x64 = Debug|x64
		Debug|x86 = Debug|x86
		Release|Any CPU = Release|Any CPU
		Release|x64 = Release|x64
		Release|x86 = Release|x86
	EndGlobalSection
	GlobalSection(ProjectConfigurationPlatforms) = postSolution
		{E6F7C5A1-DA33-4CA4-A8FA-2D75C05B0C1F}.Debug|Any CPU.ActiveCfg = Debug|Any CPU
		{E6F7C5A1-DA33-4CA4-A8FA-2D75C05B0C1F}.Debug|Any CPU.Build.0 = Debug|Any CPU
		{E6F7C5A1-DA33-4CA4-A8FA-2D75C05B0C1F}.Debug|x64.ActiveCfg = Debug|Any CPU
		{E6F7C5A1-DA33-4CA4-A8FA-2D75C05B0C1F}.Debug|x64.Build.0 = Debug|Any CPU
		{E6F7C5A1-DA33-4CA4-A8FA-2D75C05B0C1F}.Debug|x86.ActiveCfg = Debug|Any CPU
		{E6F7C5A1-DA33-4CA4-A8FA-2D75C05B0C1F}.Debug|x86.Build.0 = Debug|Any CPU
		{E6F7C5A1-DA33-4CA4-A8FA-2D75C05B0C1F}.Release|Any CPU.ActiveCfg = Release|Any CPU
		{E6F7C5A1-DA33-4CA4-A8FA-2D75C05B0C1F}.Release|Any CPU.Build.0 = Release|Any CPU
		{E6F7C5A1-DA33-4CA4-A8FA-2D75C05B0C1F}.Release|x64.ActiveCfg = Release|Any CPU
		{E6F7C5A1-DA33-4CA4-A8FA-2D75C05B0C1F}.Release|x64.Build.0 = Release|Any CPU
		{E6F7C5A1-DA33-4CA4-A8FA-2D75C05B0C1F}.Release|x86.ActiveCfg = Release|Any CPU
		{E6F7C5A1-DA33-4CA4-A8FA-2D75C05B0C1F}.Release|x86.Build.0 = Release|Any CPU
		{9351596D-B14A-46F3-8711-192E3B592CA8}.Debug|Any CPU.ActiveCfg = Debug|Any CPU
		{9351596D-B14A-46F3-8711-192E3B592CA8}.Debug|Any CPU.Build.0 = Debug|Any CPU
		{9351596D-B14A-46F3-8711-192E3B592CA8}.Debug|x64.ActiveCfg = Debug|Any CPU
		{9351596D-B14A-46F3-8711-192E3B592CA8}.Debug|x64.Build.0 = Debug|Any CPU
		{9351596D-B14A-46F3-8711-192E3B592CA8}.Debug|x86.ActiveCfg = Debug|Any CPU
		{9351596D-B14A-46F3-8711-192E3B592CA8}.Debug|x86.Build.0 = Debug|Any CPU
		{9351596D-B14A-46F3-8711-192E3B592CA8}.Release|Any CPU.ActiveCfg = Release|Any CPU
		{9351596D-B14A-46F3-8711-192E3B592CA8}.Release|Any CPU.Build.0 = Release|Any CPU
		{9351596D-B14A-46F3-8711-192E3B592CA8}.Release|x64.ActiveCfg = Release|Any CPU
		{9351596D-B14A-46F3-8711-192E3B592CA8}.Release|x64.Build.0 = Release|Any CPU
		{9351596D-B14A-46F3-8711-192E3B592CA8}.Release|x86.ActiveCfg = Release|Any CPU
		{9351596D-B14A-46F3-8711-192E3B592CA8}.Release|x86.Build.0 = Release|Any CPU
		{034F2CA2-59BD-40B4-A19B-D9FA55E38E4D}.Debug|Any CPU.ActiveCfg = Debug|Any CPU
		{034F2CA2-59BD-40B4-A19B-D9FA55E38E4D}.Debug|Any CPU.Build.0 = Debug|Any CPU
		{034F2CA2-59BD-40B4-A19B-D9FA55E38E4D}.Debug|x64.ActiveCfg = Debug|Any CPU
		{034F2CA2-59BD-40B4-A19B-D9FA55E38E4D}.Debug|x64.Build.0 = Debug|Any CPU
		{034F2CA2-59BD-40B4-A19B-D9FA55E38E4D}.Debug|x86.ActiveCfg = Debug|Any CPU
		{034F2CA2-59BD-40B4-A19B-D9FA55E38E4D}.Debug|x86.Build.0 = Debug|Any CPU
		{034F2CA2-59BD-40B4-A19B-D9FA55E38E4D}.Release|Any CPU.ActiveCfg = Release|Any CPU
		{034F2CA2-59BD-40B4-A19B-D9FA55E38E4D}.Release|Any CPU.Build.0 = Release|Any CPU
		{034F2CA2-59BD-40B4-A19B-D9FA55E38E4D}.Release|x64.ActiveCfg = Release|Any CPU
		{034F2CA2-59BD-40B4-A19B-D9FA55E38E4D}.Release|x64.Build.0 = Release|Any CPU
		{034F2CA2-59BD-40B4-A19B-D9FA55E38E4D}.Release|x86.ActiveCfg = Release|Any CPU
		{034F2CA2-59BD-40B4-A19B-D9FA55E38E4D}.Release|x86.Build.0 = Release|Any CPU
		{DF46E3CA-54E7-41A3-9138-AED5F448A273}.Debug|Any CPU.ActiveCfg = Debug|Any CPU
		{DF46E3CA-54E7-41A3-9138-AED5F448A273}.Debug|Any CPU.Build.0 = Debug|Any CPU
		{DF46E3CA-54E7-41A3-9138-AED5F448A273}.Debug|x64.ActiveCfg = Debug|Any CPU
		{DF46E3CA-54E7-41A3-9138-AED5F448A273}.Debug|x64.Build.0 = Debug|Any CPU
		{DF46E3CA-54E7-41A3-9138-AED5F448A273}.Debug|x86.ActiveCfg = Debug|Any CPU
		{DF46E3CA-54E7-41A3-9138-AED5F448A273}.Debug|x86.Build.0 = Debug|Any CPU
		{DF46E3CA-54E7-41A3-9138-AED5F448A273}.Release|Any CPU.ActiveCfg = Release|Any CPU
		{DF46E3CA-54E7-41A3-9138-AED5F448A273}.Release|Any CPU.Build.0 = Release|Any CPU
		{DF46E3CA-54E7-41A3-9138-AED5F448A273}.Release|x64.ActiveCfg = Release|Any CPU
		{DF46E3CA-54E7-41A3-9138-AED5F448A273}.Release|x64.Build.0 = Release|Any CPU
		{DF46E3CA-54E7-41A3-9138-AED5F448A273}.Release|x86.ActiveCfg = Release|Any CPU
		{DF46E3CA-54E7-41A3-9138-AED5F448A273}.Release|x86.Build.0 = Release|Any CPU
		{3FEF9366-A508-4DE6-96A5-0A924986298C}.Debug|Any CPU.ActiveCfg = Debug|Any CPU
		{3FEF9366-A508-4DE6-96A5-0A924986298C}.Debug|Any CPU.Build.0 = Debug|Any CPU
		{3FEF9366-A508-4DE6-96A5-0A924986298C}.Debug|x64.ActiveCfg = Debug|Any CPU
		{3FEF9366-A508-4DE6-96A5-0A924986298C}.Debug|x64.Build.0 = Debug|Any CPU
		{3FEF9366-A508-4DE6-96A5-0A924986298C}.Debug|x86.ActiveCfg = Debug|Any CPU
		{3FEF9366-A508-4DE6-96A5-0A924986298C}.Debug|x86.Build.0 = Debug|Any CPU
		{3FEF9366-A508-4DE6-96A5-0A924986298C}.Release|Any CPU.ActiveCfg = Release|Any CPU
		{3FEF9366-A508-4DE6-96A5-0A924986298C}.Release|Any CPU.Build.0 = Release|Any CPU
		{3FEF9366-A508-4DE6-96A5-0A924986298C}.Release|x64.ActiveCfg = Release|Any CPU
		{3FEF9366-A508-4DE6-96A5-0A924986298C}.Release|x64.Build.0 = Release|Any CPU
		{3FEF9366-A508-4DE6-96A5-0A924986298C}.Release|x86.ActiveCfg = Release|Any CPU
		{3FEF9366-A508-4DE6-96A5-0A924986298C}.Release|x86.Build.0 = Release|Any CPU
		{CDE560A6-0192-42E7-A5B6-21BFB6683BD0}.Debug|Any CPU.ActiveCfg = Debug|Any CPU
		{CDE560A6-0192-42E7-A5B6-21BFB6683BD0}.Debug|Any CPU.Build.0 = Debug|Any CPU
		{CDE560A6-0192-42E7-A5B6-21BFB6683BD0}.Debug|x64.ActiveCfg = Debug|Any CPU
		{CDE560A6-0192-42E7-A5B6-21BFB6683BD0}.Debug|x64.Build.0 = Debug|Any CPU
		{CDE560A6-0192-42E7-A5B6-21BFB6683BD0}.Debug|x86.ActiveCfg = Debug|Any CPU
		{CDE560A6-0192-42E7-A5B6-21BFB6683BD0}.Debug|x86.Build.0 = Debug|Any CPU
		{CDE560A6-0192-42E7-A5B6-21BFB6683BD0}.Release|Any CPU.ActiveCfg = Release|Any CPU
		{CDE560A6-0192-42E7-A5B6-21BFB6683BD0}.Release|Any CPU.Build.0 = Release|Any CPU
		{CDE560A6-0192-42E7-A5B6-21BFB6683BD0}.Release|x64.ActiveCfg = Release|Any CPU
		{CDE560A6-0192-42E7-A5B6-21BFB6683BD0}.Release|x64.Build.0 = Release|Any CPU
		{CDE560A6-0192-42E7-A5B6-21BFB6683BD0}.Release|x86.ActiveCfg = Release|Any CPU
		{CDE560A6-0192-42E7-A5B6-21BFB6683BD0}.Release|x86.Build.0 = Release|Any CPU
		{B1349855-75B1-408F-999E-B5DD4FF56ABF}.Debug|Any CPU.ActiveCfg = Debug|Any CPU
		{B1349855-75B1-408F-999E-B5DD4FF56ABF}.Debug|Any CPU.Build.0 = Debug|Any CPU
		{B1349855-75B1-408F-999E-B5DD4FF56ABF}.Debug|x64.ActiveCfg = Debug|Any CPU
		{B1349855-75B1-408F-999E-B5DD4FF56ABF}.Debug|x64.Build.0 = Debug|Any CPU
		{B1349855-75B1-408F-999E-B5DD4FF56ABF}.Debug|x86.ActiveCfg = Debug|Any CPU
		{B1349855-75B1-408F-999E-B5DD4FF56ABF}.Debug|x86.Build.0 = Debug|Any CPU
		{B1349855-75B1-408F-999E-B5DD4FF56ABF}.Release|Any CPU.ActiveCfg = Release|Any CPU
		{B1349855-75B1-408F-999E-B5DD4FF56ABF}.Release|Any CPU.Build.0 = Release|Any CPU
		{B1349855-75B1-408F-999E-B5DD4FF56ABF}.Release|x64.ActiveCfg = Release|Any CPU
		{B1349855-75B1-408F-999E-B5DD4FF56ABF}.Release|x64.Build.0 = Release|Any CPU
		{B1349855-75B1-408F-999E-B5DD4FF56ABF}.Release|x86.ActiveCfg = Release|Any CPU
		{B1349855-75B1-408F-999E-B5DD4FF56ABF}.Release|x86.Build.0 = Release|Any CPU
		{762A967E-5461-42E3-B155-BCE2966DC8B5}.Debug|Any CPU.ActiveCfg = Debug|Any CPU
		{762A967E-5461-42E3-B155-BCE2966DC8B5}.Debug|Any CPU.Build.0 = Debug|Any CPU
		{762A967E-5461-42E3-B155-BCE2966DC8B5}.Debug|x64.ActiveCfg = Debug|Any CPU
		{762A967E-5461-42E3-B155-BCE2966DC8B5}.Debug|x64.Build.0 = Debug|Any CPU
		{762A967E-5461-42E3-B155-BCE2966DC8B5}.Debug|x86.ActiveCfg = Debug|Any CPU
		{762A967E-5461-42E3-B155-BCE2966DC8B5}.Debug|x86.Build.0 = Debug|Any CPU
		{762A967E-5461-42E3-B155-BCE2966DC8B5}.Release|Any CPU.ActiveCfg = Release|Any CPU
		{762A967E-5461-42E3-B155-BCE2966DC8B5}.Release|Any CPU.Build.0 = Release|Any CPU
		{762A967E-5461-42E3-B155-BCE2966DC8B5}.Release|x64.ActiveCfg = Release|Any CPU
		{762A967E-5461-42E3-B155-BCE2966DC8B5}.Release|x64.Build.0 = Release|Any CPU
		{762A967E-5461-42E3-B155-BCE2966DC8B5}.Release|x86.ActiveCfg = Release|Any CPU
		{762A967E-5461-42E3-B155-BCE2966DC8B5}.Release|x86.Build.0 = Release|Any CPU
		{2F1C0FF8-5A5B-43A1-9FF7-FC9CADC44CDE}.Debug|Any CPU.ActiveCfg = Debug|Any CPU
		{2F1C0FF8-5A5B-43A1-9FF7-FC9CADC44CDE}.Debug|Any CPU.Build.0 = Debug|Any CPU
		{2F1C0FF8-5A5B-43A1-9FF7-FC9CADC44CDE}.Debug|x64.ActiveCfg = Debug|Any CPU
		{2F1C0FF8-5A5B-43A1-9FF7-FC9CADC44CDE}.Debug|x64.Build.0 = Debug|Any CPU
		{2F1C0FF8-5A5B-43A1-9FF7-FC9CADC44CDE}.Debug|x86.ActiveCfg = Debug|Any CPU
		{2F1C0FF8-5A5B-43A1-9FF7-FC9CADC44CDE}.Debug|x86.Build.0 = Debug|Any CPU
		{2F1C0FF8-5A5B-43A1-9FF7-FC9CADC44CDE}.Release|Any CPU.ActiveCfg = Release|Any CPU
		{2F1C0FF8-5A5B-43A1-9FF7-FC9CADC44CDE}.Release|Any CPU.Build.0 = Release|Any CPU
		{2F1C0FF8-5A5B-43A1-9FF7-FC9CADC44CDE}.Release|x64.ActiveCfg = Release|Any CPU
		{2F1C0FF8-5A5B-43A1-9FF7-FC9CADC44CDE}.Release|x64.Build.0 = Release|Any CPU
		{2F1C0FF8-5A5B-43A1-9FF7-FC9CADC44CDE}.Release|x86.ActiveCfg = Release|Any CPU
		{2F1C0FF8-5A5B-43A1-9FF7-FC9CADC44CDE}.Release|x86.Build.0 = Release|Any CPU
		{DC880EDE-C9A9-4192-8F88-386DCE8D5D0E}.Debug|Any CPU.ActiveCfg = Debug|Any CPU
		{DC880EDE-C9A9-4192-8F88-386DCE8D5D0E}.Debug|Any CPU.Build.0 = Debug|Any CPU
		{DC880EDE-C9A9-4192-8F88-386DCE8D5D0E}.Debug|x64.ActiveCfg = Debug|Any CPU
		{DC880EDE-C9A9-4192-8F88-386DCE8D5D0E}.Debug|x64.Build.0 = Debug|Any CPU
		{DC880EDE-C9A9-4192-8F88-386DCE8D5D0E}.Debug|x86.ActiveCfg = Debug|Any CPU
		{DC880EDE-C9A9-4192-8F88-386DCE8D5D0E}.Debug|x86.Build.0 = Debug|Any CPU
		{DC880EDE-C9A9-4192-8F88-386DCE8D5D0E}.Release|Any CPU.ActiveCfg = Release|Any CPU
		{DC880EDE-C9A9-4192-8F88-386DCE8D5D0E}.Release|Any CPU.Build.0 = Release|Any CPU
		{DC880EDE-C9A9-4192-8F88-386DCE8D5D0E}.Release|x64.ActiveCfg = Release|Any CPU
		{DC880EDE-C9A9-4192-8F88-386DCE8D5D0E}.Release|x64.Build.0 = Release|Any CPU
		{DC880EDE-C9A9-4192-8F88-386DCE8D5D0E}.Release|x86.ActiveCfg = Release|Any CPU
		{DC880EDE-C9A9-4192-8F88-386DCE8D5D0E}.Release|x86.Build.0 = Release|Any CPU
		{F513A056-5681-4922-A07E-CF11E1ABAED2}.Debug|Any CPU.ActiveCfg = Debug|Any CPU
		{F513A056-5681-4922-A07E-CF11E1ABAED2}.Debug|Any CPU.Build.0 = Debug|Any CPU
		{F513A056-5681-4922-A07E-CF11E1ABAED2}.Debug|x64.ActiveCfg = Debug|Any CPU
		{F513A056-5681-4922-A07E-CF11E1ABAED2}.Debug|x64.Build.0 = Debug|Any CPU
		{F513A056-5681-4922-A07E-CF11E1ABAED2}.Debug|x86.ActiveCfg = Debug|Any CPU
		{F513A056-5681-4922-A07E-CF11E1ABAED2}.Debug|x86.Build.0 = Debug|Any CPU
		{F513A056-5681-4922-A07E-CF11E1ABAED2}.Release|Any CPU.ActiveCfg = Release|Any CPU
		{F513A056-5681-4922-A07E-CF11E1ABAED2}.Release|Any CPU.Build.0 = Release|Any CPU
		{F513A056-5681-4922-A07E-CF11E1ABAED2}.Release|x64.ActiveCfg = Release|Any CPU
		{F513A056-5681-4922-A07E-CF11E1ABAED2}.Release|x64.Build.0 = Release|Any CPU
		{F513A056-5681-4922-A07E-CF11E1ABAED2}.Release|x86.ActiveCfg = Release|Any CPU
		{F513A056-5681-4922-A07E-CF11E1ABAED2}.Release|x86.Build.0 = Release|Any CPU
	EndGlobalSection
	GlobalSection(SolutionProperties) = preSolution
		HideSolutionNode = FALSE
	EndGlobalSection
	GlobalSection(NestedProjects) = preSolution
		{E6F7C5A1-DA33-4CA4-A8FA-2D75C05B0C1F} = {A1B3E671-BFB5-4E3C-852A-42245D15AAA4}
		{9351596D-B14A-46F3-8711-192E3B592CA8} = {A1B3E671-BFB5-4E3C-852A-42245D15AAA4}
		{034F2CA2-59BD-40B4-A19B-D9FA55E38E4D} = {98E517D0-B1FF-473F-ABC2-9ABD6AA1DB50}
		{EC447DCF-ABFA-6E24-52A5-D7FD48A5C558} = {827E0CD3-B72D-47B6-A68D-7590B98EB39B}
		{4686826B-F13A-C185-7B23-A2BA78F9D315} = {EC447DCF-ABFA-6E24-52A5-D7FD48A5C558}
		{DF46E3CA-54E7-41A3-9138-AED5F448A273} = {4686826B-F13A-C185-7B23-A2BA78F9D315}
		{3FEF9366-A508-4DE6-96A5-0A924986298C} = {4686826B-F13A-C185-7B23-A2BA78F9D315}
		{0EC62A1A-9858-3A60-8A0C-FC9AACFA2EC7} = {EC447DCF-ABFA-6E24-52A5-D7FD48A5C558}
		{CDE560A6-0192-42E7-A5B6-21BFB6683BD0} = {0EC62A1A-9858-3A60-8A0C-FC9AACFA2EC7}
		{B1349855-75B1-408F-999E-B5DD4FF56ABF} = {0EC62A1A-9858-3A60-8A0C-FC9AACFA2EC7}
		{3025D2F9-601E-A73F-5034-9ABB7768656E} = {EC447DCF-ABFA-6E24-52A5-D7FD48A5C558}
		{762A967E-5461-42E3-B155-BCE2966DC8B5} = {3025D2F9-601E-A73F-5034-9ABB7768656E}
		{2F1C0FF8-5A5B-43A1-9FF7-FC9CADC44CDE} = {3025D2F9-601E-A73F-5034-9ABB7768656E}
		{8CB90BF2-8AB3-B452-F282-51EFE98D5BDD} = {EC447DCF-ABFA-6E24-52A5-D7FD48A5C558}
		{DC880EDE-C9A9-4192-8F88-386DCE8D5D0E} = {8CB90BF2-8AB3-B452-F282-51EFE98D5BDD}
		{F513A056-5681-4922-A07E-CF11E1ABAED2} = {8CB90BF2-8AB3-B452-F282-51EFE98D5BDD}
	EndGlobalSection
EndGlobal
